
Microsoft Visual Studio Solution File, Format Version 12.00
# Visual Studio Version 16
VisualStudioVersion = 16.0.29409.12
MinimumVisualStudioVersion = 10.0.40219.1
Project("{9A19103F-16F7-4668-BE54-9A1E7A4F7556}") = "Parking.API.Host", "ParkingAPI\Parking.API.Host.csproj", "{BAF50A9B-F829-4867-BC58-6EA6AB630EE1}"
EndProject
Project("{2150E333-8FDC-42A3-9474-1A3956D46DE8}") = "0 - Core", "0 - Core", "{9045D97D-0BEF-4CCE-96DD-F87F2865AC7A}"
EndProject
Project("{2150E333-8FDC-42A3-9474-1A3956D46DE8}") = "1 - Services", "1 - Services", "{1247D22E-8035-497B-8FB1-79845BA59CD5}"
EndProject
Project("{9A19103F-16F7-4668-BE54-9A1E7A4F7556}") = "Parking.API", "Parking.API\Parking.API.csproj", "{34982B94-E8B7-494C-87D7-12EB56333200}"
EndProject
Project("{9A19103F-16F7-4668-BE54-9A1E7A4F7556}") = "Core", "Core\Core.csproj", "{D8CEFE79-DCF2-4432-9046-908C65542242}"
EndProject
Global
	GlobalSection(SolutionConfigurationPlatforms) = preSolution
		Debug|Any CPU = Debug|Any CPU
		Release|Any CPU = Release|Any CPU
	EndGlobalSection
	GlobalSection(ProjectConfigurationPlatforms) = postSolution
		{BAF50A9B-F829-4867-BC58-6EA6AB630EE1}.Debug|Any CPU.ActiveCfg = Debug|Any CPU
		{BAF50A9B-F829-4867-BC58-6EA6AB630EE1}.Debug|Any CPU.Build.0 = Debug|Any CPU
		{BAF50A9B-F829-4867-BC58-6EA6AB630EE1}.Release|Any CPU.ActiveCfg = Release|Any CPU
		{BAF50A9B-F829-4867-BC58-6EA6AB630EE1}.Release|Any CPU.Build.0 = Release|Any CPU
		{34982B94-E8B7-494C-87D7-12EB56333200}.Debug|Any CPU.ActiveCfg = Debug|Any CPU
		{34982B94-E8B7-494C-87D7-12EB56333200}.Debug|Any CPU.Build.0 = Debug|Any CPU
		{34982B94-E8B7-494C-87D7-12EB56333200}.Release|Any CPU.ActiveCfg = Release|Any CPU
		{34982B94-E8B7-494C-87D7-12EB56333200}.Release|Any CPU.Build.0 = Release|Any CPU
		{D8CEFE79-DCF2-4432-9046-908C65542242}.Debug|Any CPU.ActiveCfg = Debug|Any CPU
		{D8CEFE79-DCF2-4432-9046-908C65542242}.Debug|Any CPU.Build.0 = Debug|Any CPU
		{D8CEFE79-DCF2-4432-9046-908C65542242}.Release|Any CPU.ActiveCfg = Release|Any CPU
		{D8CEFE79-DCF2-4432-9046-908C65542242}.Release|Any CPU.Build.0 = Release|Any CPU
	EndGlobalSection
	GlobalSection(SolutionProperties) = preSolution
		HideSolutionNode = FALSE
	EndGlobalSection
	GlobalSection(NestedProjects) = preSolution
		{34982B94-E8B7-494C-87D7-12EB56333200} = {1247D22E-8035-497B-8FB1-79845BA59CD5}
		{D8CEFE79-DCF2-4432-9046-908C65542242} = {9045D97D-0BEF-4CCE-96DD-F87F2865AC7A}
	EndGlobalSection
	GlobalSection(ExtensibilityGlobals) = postSolution
		SolutionGuid = {52595C88-88ED-4079-AD05-3F0854B733DC}
	EndGlobalSection
EndGlobal
